
Microsoft Visual Studio Solution File, Format Version 12.00
# Visual Studio Version 16
VisualStudioVersion = 16.0.29020.237
MinimumVisualStudioVersion = 10.0.40219.1
Project("{9A19103F-16F7-4668-BE54-9A1E7A4F7556}") = "QuickBuy.Dominio", "QuickBuy.Dominio\QuickBuy.Dominio.csproj", "{EA19E58D-E8F3-4025-AAA5-7B49E3831CA5}"
EndProject
Project("{9A19103F-16F7-4668-BE54-9A1E7A4F7556}") = "QuickBuy.Repositorio", "QuickBuy.Repositorio\QuickBuy.Repositorio.csproj", "{B1B9EB92-5ECA-46B5-93A3-69A91C5ACB95}"
EndProject
Project("{FAE04EC0-301F-11D3-BF4B-00C04F79EFBC}") = "QuickBuy.Web", "QuickBuy.Web\QuickBuy.Web.csproj", "{4293C090-9B3E-4425-9150-A54AAEC8A644}"
EndProject
Global
	GlobalSection(SolutionConfigurationPlatforms) = preSolution
		Debug|Any CPU = Debug|Any CPU
		Release|Any CPU = Release|Any CPU
	EndGlobalSection
	GlobalSection(ProjectConfigurationPlatforms) = postSolution
		{EA19E58D-E8F3-4025-AAA5-7B49E3831CA5}.Debug|Any CPU.ActiveCfg = Debug|Any CPU
		{EA19E58D-E8F3-4025-AAA5-7B49E3831CA5}.Debug|Any CPU.Build.0 = Debug|Any CPU
		{EA19E58D-E8F3-4025-AAA5-7B49E3831CA5}.Release|Any CPU.ActiveCfg = Release|Any CPU
		{EA19E58D-E8F3-4025-AAA5-7B49E3831CA5}.Release|Any CPU.Build.0 = Release|Any CPU
		{B1B9EB92-5ECA-46B5-93A3-69A91C5ACB95}.Debug|Any CPU.ActiveCfg = Debug|Any CPU
		{B1B9EB92-5ECA-46B5-93A3-69A91C5ACB95}.Debug|Any CPU.Build.0 = Debug|Any CPU
		{B1B9EB92-5ECA-46B5-93A3-69A91C5ACB95}.Release|Any CPU.ActiveCfg = Release|Any CPU
		{B1B9EB92-5ECA-46B5-93A3-69A91C5ACB95}.Release|Any CPU.Build.0 = Release|Any CPU
		{4293C090-9B3E-4425-9150-A54AAEC8A644}.Debug|Any CPU.ActiveCfg = Debug|Any CPU
		{4293C090-9B3E-4425-9150-A54AAEC8A644}.Debug|Any CPU.Build.0 = Debug|Any CPU
		{4293C090-9B3E-4425-9150-A54AAEC8A644}.Release|Any CPU.ActiveCfg = Release|Any CPU
		{4293C090-9B3E-4425-9150-A54AAEC8A644}.Release|Any CPU.Build.0 = Release|Any CPU
	EndGlobalSection
	GlobalSection(SolutionProperties) = preSolution
		HideSolutionNode = FALSE
	EndGlobalSection
	GlobalSection(ExtensibilityGlobals) = postSolution
		SolutionGuid = {6FEB13DC-F9F0-4B81-A494-B8FA2D4AA05D}
	EndGlobalSection
EndGlobal
